Microsoft Visual Studio Solution File, Format Version 11.00
# Visual Studio 2008

Project("{04997EDA-E174-6E55-3606-FAE5B1164929}") = "CrispyPotato", "Assembly-CSharp.csproj", "{9BF8BD88-7B15-A77D-11D6-617B288A69D6}"
EndProject
Global
	GlobalSection(SolutionConfigurationPlatforms) = preSolution
		Debug|Any CPU = Debug|Any CPU
		Release|Any CPU = Release|Any CPU
	EndGlobalSection
	GlobalSection(ProjectConfigurationPlatforms) = postSolution
		{9BF8BD88-7B15-A77D-11D6-617B288A69D6}.Debug|Any CPU.ActiveCfg = Debug|Any CPU
		{9BF8BD88-7B15-A77D-11D6-617B288A69D6}.Debug|Any CPU.Build.0 = Debug|Any CPU
		{9BF8BD88-7B15-A77D-11D6-617B288A69D6}.Release|Any CPU.ActiveCfg = Release|Any CPU
		{9BF8BD88-7B15-A77D-11D6-617B288A69D6}.Release|Any CPU.Build.0 = Release|Any CPU
	EndGlobalSection
	GlobalSection(SolutionProperties) = preSolution
		HideSolutionNode = FALSE
	EndGlobalSection
	GlobalSection(MonoDevelopProperties) = preSolution
		StartupItem = Assembly-CSharp.csproj
	EndGlobalSection
EndGlobal
